
Microsoft Visual Studio Solution File, Format Version 12.00
# Visual Studio Version 16
VisualStudioVersion = 16.0.31025.194
MinimumVisualStudioVersion = 10.0.40219.1
Project("{FAE04EC0-301F-11D3-BF4B-00C04F79EFBC}") = "HalloRotterdam", "HalloRotterdam\HalloRotterdam.csproj", "{721403F5-2E6B-415C-A4E4-42B7036D143B}"
EndProject
Global
	GlobalSection(SolutionConfigurationPlatforms) = preSolution
		Debug|Any CPU = Debug|Any CPU
		Release|Any CPU = Release|Any CPU
	EndGlobalSection
	GlobalSection(ProjectConfigurationPlatforms) = postSolution
		{721403F5-2E6B-415C-A4E4-42B7036D143B}.Debug|Any CPU.ActiveCfg = Debug|Any CPU
		{721403F5-2E6B-415C-A4E4-42B7036D143B}.Debug|Any CPU.Build.0 = Debug|Any CPU
		{721403F5-2E6B-415C-A4E4-42B7036D143B}.Release|Any CPU.ActiveCfg = Release|Any CPU
		{721403F5-2E6B-415C-A4E4-42B7036D143B}.Release|Any CPU.Build.0 = Release|Any CPU
	EndGlobalSection
	GlobalSection(SolutionProperties) = preSolution
		HideSolutionNode = FALSE
	EndGlobalSection
	GlobalSection(ExtensibilityGlobals) = postSolution
		SolutionGuid = {3073536C-3ACF-45C0-BC5F-EC1654AEE6E2}
	EndGlobalSection
EndGlobal
